<?xml version="1.0" encoding="utf-8"?>
<Project ToolsVersion="4.0" xmlns="http://schemas.microsoft.com/developer/msbuild/2003">
  <ItemGroup>
    <ClCompile Include="GameTimer.cpp" />
    <ClCompile Include="OGLRenderer.cpp" />
    <ClCompile Include="Window.cpp" />
    <ClCompile Include="Matrix3.cpp">
      <Filter>Maths</Filter>
    </ClCompile>
    <ClCompile Include="Matrix4.cpp">
      <Filter>Maths</Filter>
    </ClCompile>
    <ClCompile Include="Keyboard.cpp">
      <Filter>Input</Filter>
    </ClCompile>
    <ClCompile Include="Mouse.cpp">
      <Filter>Input</Filter>
    </ClCompile>
    <ClCompile Include="Quaternion.cpp">
      <Filter>Maths</Filter>
    </ClCompile>
  </ItemGroup>
  <ItemGroup>
    <ClInclude Include="common.h" />
    <ClInclude Include="GameTimer.h" />
    <ClInclude Include="OGLRenderer.h" />
    <ClInclude Include="Window.h" />
    <ClInclude Include="Matrix3.h">
      <Filter>Maths</Filter>
    </ClInclude>
    <ClInclude Include="Matrix4.h">
      <Filter>Maths</Filter>
    </ClInclude>
    <ClInclude Include="Keyboard.h">
      <Filter>Input</Filter>
    </ClInclude>
    <ClInclude Include="Mouse.h">
      <Filter>Input</Filter>
    </ClInclude>
    <ClInclude Include="Quaternion.h">
      <Filter>Maths</Filter>
    </ClInclude>
    <ClInclude Include="Vector2.h">
      <Filter>Maths</Filter>
    </ClInclude>
    <ClInclude Include="Vector3.h">
      <Filter>Maths</Filter>
    </ClInclude>
    <ClInclude Include="Vector4.h">
      <Filter>Maths</Filter>
    </ClInclude>
    <ClInclude Include="InputDevice.h">
      <Filter>Input</Filter>
    </ClInclude>
  </ItemGroup>
  <ItemGroup>
    <Filter Include="Maths">
      <UniqueIdentifier>{1344a05c-da91-4bd5-98e3-c99a46028caa}</UniqueIdentifier>
    </Filter>
    <Filter Include="Input">
      <UniqueIdentifier>{9ddd143a-d707-41e9-ab74-4960e0f5aabf}</UniqueIdentifier>
    </Filter>
  </ItemGroup>
</Project>