
Microsoft Visual Studio Solution File, Format Version 11.00
# Visual Studio 2010
Project("{8BC9CEB8-8B4A-11D0-8D11-00A0C91BC942}") = "OpenGLGraphics", "OpenGLGraphics.vcxproj", "{916E712E-973B-4DE8-8D54-63C060BB9296}"
	ProjectSection(ProjectDependencies) = postProject
		{98D6B51B-CB0A-4389-ADC6-24082B967C3F} = {98D6B51B-CB0A-4389-ADC6-24082B967C3F}
	EndProjectSection
EndProject
Project("{8BC9CEB8-8B4A-11D0-8D11-00A0C91BC942}") = "nclgl", "..\nclgl\nclgl.vcxproj", "{98D6B51B-CB0A-4389-ADC6-24082B967C3F}"
EndProject
Global
	GlobalSection(SolutionConfigurationPlatforms) = preSolution
		Debug|Win32 = Debug|Win32
		Release|Win32 = Release|Win32
	EndGlobalSection
	GlobalSection(ProjectConfigurationPlatforms) = postSolution
		{916E712E-973B-4DE8-8D54-63C060BB9296}.Debug|Win32.ActiveCfg = Debug|Win32
		{916E712E-973B-4DE8-8D54-63C060BB9296}.Debug|Win32.Build.0 = Debug|Win32
		{916E712E-973B-4DE8-8D54-63C060BB9296}.Release|Win32.ActiveCfg = Release|Win32
		{916E712E-973B-4DE8-8D54-63C060BB9296}.Release|Win32.Build.0 = Release|Win32
		{98D6B51B-CB0A-4389-ADC6-24082B967C3F}.Debug|Win32.ActiveCfg = Debug|Win32
		{98D6B51B-CB0A-4389-ADC6-24082B967C3F}.Debug|Win32.Build.0 = Debug|Win32
		{98D6B51B-CB0A-4389-ADC6-24082B967C3F}.Release|Win32.ActiveCfg = Release|Win32
		{98D6B51B-CB0A-4389-ADC6-24082B967C3F}.Release|Win32.Build.0 = Release|Win32
	EndGlobalSection
	GlobalSection(SolutionProperties) = preSolution
		HideSolutionNode = FALSE
	EndGlobalSection
EndGlobal
